
Microsoft Visual Studio Solution File, Format Version 12.00
# Visual Studio Version 17
VisualStudioVersion = 17.5.33530.505
MinimumVisualStudioVersion = 10.0.40219.1
Project("{9A19103F-16F7-4668-BE54-9A1E7A4F7556}") = "NetworlPrograming", "NetworlPrograming.csproj", "{0F9DCB9B-2B54-4B42-AC75-6C00EB7AC2A1}"
EndProject
Project("{FAE04EC0-301F-11D3-BF4B-00C04F79EFBC}") = "DownloadUI", "..\DownloadUI\DownloadUI.csproj", "{CF520081-6038-4B91-A7E2-E3D7D9EA076F}"
EndProject
Global
	GlobalSection(SolutionConfigurationPlatforms) = preSolution
		Debug|Any CPU = Debug|Any CPU
		Release|Any CPU = Release|Any CPU
	EndGlobalSection
	GlobalSection(ProjectConfigurationPlatforms) = postSolution
		{0F9DCB9B-2B54-4B42-AC75-6C00EB7AC2A1}.Debug|Any CPU.ActiveCfg = Debug|Any CPU
		{0F9DCB9B-2B54-4B42-AC75-6C00EB7AC2A1}.Debug|Any CPU.Build.0 = Debug|Any CPU
		{0F9DCB9B-2B54-4B42-AC75-6C00EB7AC2A1}.Release|Any CPU.ActiveCfg = Release|Any CPU
		{0F9DCB9B-2B54-4B42-AC75-6C00EB7AC2A1}.Release|Any CPU.Build.0 = Release|Any CPU
		{CF520081-6038-4B91-A7E2-E3D7D9EA076F}.Debug|Any CPU.ActiveCfg = Debug|Any CPU
		{CF520081-6038-4B91-A7E2-E3D7D9EA076F}.Debug|Any CPU.Build.0 = Debug|Any CPU
		{CF520081-6038-4B91-A7E2-E3D7D9EA076F}.Release|Any CPU.ActiveCfg = Release|Any CPU
		{CF520081-6038-4B91-A7E2-E3D7D9EA076F}.Release|Any CPU.Build.0 = Release|Any CPU
	EndGlobalSection
	GlobalSection(SolutionProperties) = preSolution
		HideSolutionNode = FALSE
	EndGlobalSection
	GlobalSection(ExtensibilityGlobals) = postSolution
		SolutionGuid = {6FAE0A10-CB5E-4C0A-B6B7-8EB2C6ED344F}
	EndGlobalSection
EndGlobal
